
Microsoft Visual Studio Solution File, Format Version 12.00
# Visual Studio Version 16
VisualStudioVersion = 16.0.30503.244
MinimumVisualStudioVersion = 10.0.40219.1
Project("{FAE04EC0-301F-11D3-BF4B-00C04F79EFBC}") = "NetCoreAngular", "NetCoreAngular.csproj", "{F8B98892-0569-45CF-8256-4D6733014A28}"
EndProject
Global
	GlobalSection(SolutionConfigurationPlatforms) = preSolution
		Debug|Any CPU = Debug|Any CPU
		Release|Any CPU = Release|Any CPU
	EndGlobalSection
	GlobalSection(ProjectConfigurationPlatforms) = postSolution
		{F8B98892-0569-45CF-8256-4D6733014A28}.Debug|Any CPU.ActiveCfg = Debug|Any CPU
		{F8B98892-0569-45CF-8256-4D6733014A28}.Debug|Any CPU.Build.0 = Debug|Any CPU
		{F8B98892-0569-45CF-8256-4D6733014A28}.Release|Any CPU.ActiveCfg = Release|Any CPU
		{F8B98892-0569-45CF-8256-4D6733014A28}.Release|Any CPU.Build.0 = Release|Any CPU
	EndGlobalSection
	GlobalSection(SolutionProperties) = preSolution
		HideSolutionNode = FALSE
	EndGlobalSection
	GlobalSection(ExtensibilityGlobals) = postSolution
		SolutionGuid = {6395A46C-434B-4D11-9360-5AB23C9E5901}
	EndGlobalSection
EndGlobal
